
Microsoft Visual Studio Solution File, Format Version 12.00
# Visual Studio Version 17
VisualStudioVersion = 17.8.34330.188
MinimumVisualStudioVersion = 10.0.40219.1
Project("{9A19103F-16F7-4668-BE54-9A1E7A4F7556}") = "WebAPI", "API\WebAPI\WebAPI.csproj", "{BDA57FE0-81B9-455B-A492-4BD43D632EA5}"
EndProject
Project("{2150E333-8FDC-42A3-9474-1A3956D46DE8}") = "API", "API", "{682112C8-5A92-4782-B5F1-17EDAA13F090}"
EndProject
Project("{9A19103F-16F7-4668-BE54-9A1E7A4F7556}") = "Entities", "API\Entities\Entities.csproj", "{CBB58CE4-7252-494A-A4DA-530C249F2350}"
EndProject
Project("{9A19103F-16F7-4668-BE54-9A1E7A4F7556}") = "Services", "API\Services\Services.csproj", "{BCBD61B2-0617-4F64-B42E-A34446ABC06E}"
EndProject
Project("{2150E333-8FDC-42A3-9474-1A3956D46DE8}") = "ANGULAR", "ANGULAR", "{816226CC-85E3-49A4-97F4-85D5F82C4C2F}"
EndProject
Project("{54A90642-561A-4BB1-A94E-469ADEE60C69}") = "calculex", "ANGULAR\calculex\calculex.esproj", "{7F3AD6AF-9E91-408C-8B28-A5144FD65F45}"
EndProject
Global
	GlobalSection(SolutionConfigurationPlatforms) = preSolution
		Debug|Any CPU = Debug|Any CPU
		Release|Any CPU = Release|Any CPU
	EndGlobalSection
	GlobalSection(ProjectConfigurationPlatforms) = postSolution
		{BDA57FE0-81B9-455B-A492-4BD43D632EA5}.Debug|Any CPU.ActiveCfg = Debug|Any CPU
		{BDA57FE0-81B9-455B-A492-4BD43D632EA5}.Debug|Any CPU.Build.0 = Debug|Any CPU
		{BDA57FE0-81B9-455B-A492-4BD43D632EA5}.Release|Any CPU.ActiveCfg = Release|Any CPU
		{BDA57FE0-81B9-455B-A492-4BD43D632EA5}.Release|Any CPU.Build.0 = Release|Any CPU
		{CBB58CE4-7252-494A-A4DA-530C249F2350}.Debug|Any CPU.ActiveCfg = Debug|Any CPU
		{CBB58CE4-7252-494A-A4DA-530C249F2350}.Debug|Any CPU.Build.0 = Debug|Any CPU
		{CBB58CE4-7252-494A-A4DA-530C249F2350}.Release|Any CPU.ActiveCfg = Release|Any CPU
		{CBB58CE4-7252-494A-A4DA-530C249F2350}.Release|Any CPU.Build.0 = Release|Any CPU
		{BCBD61B2-0617-4F64-B42E-A34446ABC06E}.Debug|Any CPU.ActiveCfg = Debug|Any CPU
		{BCBD61B2-0617-4F64-B42E-A34446ABC06E}.Debug|Any CPU.Build.0 = Debug|Any CPU
		{BCBD61B2-0617-4F64-B42E-A34446ABC06E}.Release|Any CPU.ActiveCfg = Release|Any CPU
		{BCBD61B2-0617-4F64-B42E-A34446ABC06E}.Release|Any CPU.Build.0 = Release|Any CPU
		{7F3AD6AF-9E91-408C-8B28-A5144FD65F45}.Debug|Any CPU.ActiveCfg = Debug|Any CPU
		{7F3AD6AF-9E91-408C-8B28-A5144FD65F45}.Debug|Any CPU.Build.0 = Debug|Any CPU
		{7F3AD6AF-9E91-408C-8B28-A5144FD65F45}.Debug|Any CPU.Deploy.0 = Debug|Any CPU
		{7F3AD6AF-9E91-408C-8B28-A5144FD65F45}.Release|Any CPU.ActiveCfg = Release|Any CPU
		{7F3AD6AF-9E91-408C-8B28-A5144FD65F45}.Release|Any CPU.Build.0 = Release|Any CPU
		{7F3AD6AF-9E91-408C-8B28-A5144FD65F45}.Release|Any CPU.Deploy.0 = Release|Any CPU
	EndGlobalSection
	GlobalSection(SolutionProperties) = preSolution
		HideSolutionNode = FALSE
	EndGlobalSection
	GlobalSection(NestedProjects) = preSolution
		{BDA57FE0-81B9-455B-A492-4BD43D632EA5} = {682112C8-5A92-4782-B5F1-17EDAA13F090}
		{CBB58CE4-7252-494A-A4DA-530C249F2350} = {682112C8-5A92-4782-B5F1-17EDAA13F090}
		{BCBD61B2-0617-4F64-B42E-A34446ABC06E} = {682112C8-5A92-4782-B5F1-17EDAA13F090}
		{7F3AD6AF-9E91-408C-8B28-A5144FD65F45} = {816226CC-85E3-49A4-97F4-85D5F82C4C2F}
	EndGlobalSection
	GlobalSection(ExtensibilityGlobals) = postSolution
		SolutionGuid = {D0C37E00-576D-4E63-A8F7-309F4834C3A8}
	EndGlobalSection
EndGlobal
